// !$*UTF8*$!
{
	archiveVersion = 1;
	classes = {
	};
	objectVersion = 55;
	objects = {

/* Begin PBXBuildFile section */
		84F9C39F275C180D00F17ECB /* HeroesApp.swift in Sources */ = {isa = PBXBuildFile; fileRef = 84F9C39E275C180D00F17ECB /* HeroesApp.swift */; };
		84F9C3A1275C180D00F17ECB /* ContentView.swift in Sources */ = {isa = PBXBuildFile; fileRef = 84F9C3A0275C180D00F17ECB /* ContentView.swift */; };
		84F9C3A3275C180E00F17ECB /* Assets.xcassets in Resources */ = {isa = PBXBuildFile; fileRef = 84F9C3A2275C180E00F17ECB /* Assets.xcassets */; };
		84F9C3A6275C180E00F17ECB /* Preview Assets.xcassets in Resources */ = {isa = PBXBuildFile; fileRef = 84F9C3A5275C180E00F17ECB /* Preview Assets.xcassets */; };
		84F9C3B3275C21E000F17ECB /* CodableBundleExt.swift in Sources */ = {isa = PBXBuildFile; fileRef = 84F9C3B2275C21E000F17ECB /* CodableBundleExt.swift */; };
		84F9C3B5275C21FE00F17ECB /* Hero.swift in Sources */ = {isa = PBXBuildFile; fileRef = 84F9C3B4275C21FE00F17ECB /* Hero.swift */; };
		84F9C3B7275C22A600F17ECB /* heroes.json in Resources */ = {isa = PBXBuildFile; fileRef = 84F9C3B6275C22A600F17ECB /* heroes.json */; };
		84F9C3B9275C23CE00F17ECB /* HeroItemView.swift in Sources */ = {isa = PBXBuildFile; fileRef = 84F9C3B8275C23CE00F17ECB /* HeroItemView.swift */; };
		84F9C3BB275C2B6200F17ECB /* HeroDetailView.swift in Sources */ = {isa = PBXBuildFile; fileRef = 84F9C3BA275C2B6200F17ECB /* HeroDetailView.swift */; };
		84F9C3BD275C2C8500F17ECB /* HeadingView.swift in Sources */ = {isa = PBXBuildFile; fileRef = 84F9C3BC275C2C8500F17ECB /* HeadingView.swift */; };
		84F9C3BF275C2D7100F17ECB /* GalleryView.swift in Sources */ = {isa = PBXBuildFile; fileRef = 84F9C3BE275C2D7100F17ECB /* GalleryView.swift */; };
		84F9C3C1275C2E8400F17ECB /* ExternalWeblinkView.swift in Sources */ = {isa = PBXBuildFile; fileRef = 84F9C3C0275C2E8400F17ECB /* ExternalWeblinkView.swift */; };
/* End PBXBuildFile section */

/* Begin PBXFileReference section */
		84F9C39B275C180D00F17ECB /* Heroes.app */ = {isa = PBXFileReference; explicitFileType = wrapper.application; includeInIndex = 0; path = Heroes.app; sourceTree = BUILT_PRODUCTS_DIR; };
		84F9C39E275C180D00F17ECB /* HeroesApp.swift */ = {isa = PBXFileReference; lastKnownFileType = sourcecode.swift; path = HeroesApp.swift; sourceTree = "<group>"; };
		84F9C3A0275C180D00F17ECB /* ContentView.swift */ = {isa = PBXFileReference; lastKnownFileType = sourcecode.swift; path = ContentView.swift; sourceTree = "<group>"; };
		84F9C3A2275C180E00F17ECB /* Assets.xcassets */ = {isa = PBXFileReference; lastKnownFileType = folder.assetcatalog; path = Assets.xcassets; sourceTree = "<group>"; };
		84F9C3A5275C180E00F17ECB /* Preview Assets.xcassets */ = {isa = PBXFileReference; lastKnownFileType = folder.assetcatalog; path = "Preview Assets.xcassets"; sourceTree = "<group>"; };
		84F9C3B2275C21E000F17ECB /* CodableBundleExt.swift */ = {isa = PBXFileReference; lastKnownFileType = sourcecode.swift; path = CodableBundleExt.swift; sourceTree = "<group>"; };
		84F9C3B4275C21FE00F17ECB /* Hero.swift */ = {isa = PBXFileReference; lastKnownFileType = sourcecode.swift; path = Hero.swift; sourceTree = "<group>"; };
		84F9C3B6275C22A600F17ECB /* heroes.json */ = {isa = PBXFileReference; fileEncoding = 4; lastKnownFileType = text.json; name = heroes.json; path = "../../../../Downloads/SWIFTUI-APP-AFRICA-UPDATED/Resources/data/heroes.json"; sourceTree = "<group>"; };
		84F9C3B8275C23CE00F17ECB /* HeroItemView.swift */ = {isa = PBXFileReference; lastKnownFileType = sourcecode.swift; path = HeroItemView.swift; sourceTree = "<group>"; };
		84F9C3BA275C2B6200F17ECB /* HeroDetailView.swift */ = {isa = PBXFileReference; lastKnownFileType = sourcecode.swift; path = HeroDetailView.swift; sourceTree = "<group>"; };
		84F9C3BC275C2C8500F17ECB /* HeadingView.swift */ = {isa = PBXFileReference; lastKnownFileType = sourcecode.swift; path = HeadingView.swift; sourceTree = "<group>"; };
		84F9C3BE275C2D7100F17ECB /* GalleryView.swift */ = {isa = PBXFileReference; lastKnownFileType = sourcecode.swift; path = GalleryView.swift; sourceTree = "<group>"; };
		84F9C3C0275C2E8400F17ECB /* ExternalWeblinkView.swift */ = {isa = PBXFileReference; lastKnownFileType = sourcecode.swift; path = ExternalWeblinkView.swift; sourceTree = "<group>"; };
/* End PBXFileReference section */

/* Begin PBXFrameworksBuildPhase section */
		84F9C398275C180D00F17ECB /* Frameworks */ = {
			isa = PBXFrameworksBuildPhase;
			buildActionMask = 2147483647;
			files = (
			);
			runOnlyForDeploymentPostprocessing = 0;
		};
/* End PBXFrameworksBuildPhase section */

/* Begin PBXGroup section */
		84F9C392275C180D00F17ECB = {
			isa = PBXGroup;
			children = (
				84F9C39D275C180D00F17ECB /* Heroes */,
				84F9C39C275C180D00F17ECB /* Products */,
			);
			sourceTree = "<group>";
		};
		84F9C39C275C180D00F17ECB /* Products */ = {
			isa = PBXGroup;
			children = (
				84F9C39B275C180D00F17ECB /* Heroes.app */,
			);
			name = Products;
			sourceTree = "<group>";
		};
		84F9C39D275C180D00F17ECB /* Heroes */ = {
			isa = PBXGroup;
			children = (
				84F9C3B1275C1A0B00F17ECB /* Extension */,
				84F9C3B0275C1A0300F17ECB /* Model */,
				84F9C3AF275C19F700F17ECB /* Data */,
				84F9C3AE275C19B600F17ECB /* View */,
				84F9C3AD275C19B000F17ECB /* Utils */,
				84F9C3AC275C19AB00F17ECB /* App */,
				84F9C3A2275C180E00F17ECB /* Assets.xcassets */,
				84F9C3A4275C180E00F17ECB /* Preview Content */,
			);
			path = Heroes;
			sourceTree = "<group>";
		};
		84F9C3A4275C180E00F17ECB /* Preview Content */ = {
			isa = PBXGroup;
			children = (
				84F9C3A5275C180E00F17ECB /* Preview Assets.xcassets */,
			);
			path = "Preview Content";
			sourceTree = "<group>";
		};
		84F9C3AC275C19AB00F17ECB /* App */ = {
			isa = PBXGroup;
			children = (
				84F9C39E275C180D00F17ECB /* HeroesApp.swift */,
				84F9C3A0275C180D00F17ECB /* ContentView.swift */,
			);
			path = App;
			sourceTree = "<group>";
		};
		84F9C3AD275C19B000F17ECB /* Utils */ = {
			isa = PBXGroup;
			children = (
			);
			path = Utils;
			sourceTree = "<group>";
		};
		84F9C3AE275C19B600F17ECB /* View */ = {
			isa = PBXGroup;
			children = (
				84F9C3B8275C23CE00F17ECB /* HeroItemView.swift */,
				84F9C3BA275C2B6200F17ECB /* HeroDetailView.swift */,
				84F9C3BC275C2C8500F17ECB /* HeadingView.swift */,
				84F9C3BE275C2D7100F17ECB /* GalleryView.swift */,
				84F9C3C0275C2E8400F17ECB /* ExternalWeblinkView.swift */,
			);
			path = View;
			sourceTree = "<group>";
		};
		84F9C3AF275C19F700F17ECB /* Data */ = {
			isa = PBXGroup;
			children = (
				84F9C3B6275C22A600F17ECB /* heroes.json */,
			);
			path = Data;
			sourceTree = "<group>";
		};
		84F9C3B0275C1A0300F17ECB /* Model */ = {
			isa = PBXGroup;
			children = (
				84F9C3B4275C21FE00F17ECB /* Hero.swift */,
			);
			path = Model;
			sourceTree = "<group>";
		};
		84F9C3B1275C1A0B00F17ECB /* Extension */ = {
			isa = PBXGroup;
			children = (
				84F9C3B2275C21E000F17ECB /* CodableBundleExt.swift */,
			);
			path = Extension;
			sourceTree = "<group>";
		};
/* End PBXGroup section */

/* Begin PBXNativeTarget section */
		84F9C39A275C180D00F17ECB /* Heroes */ = {
			isa = PBXNativeTarget;
			buildConfigurationList = 84F9C3A9275C180E00F17ECB /* Build configuration list for PBXNativeTarget "Heroes" */;
			buildPhases = (
				84F9C397275C180D00F17ECB /* Sources */,
				84F9C398275C180D00F17ECB /* Frameworks */,
				84F9C399275C180D00F17ECB /* Resources */,
			);
			buildRules = (
			);
			dependencies = (
			);
			name = Heroes;
			productName = Heroes;
			productReference = 84F9C39B275C180D00F17ECB /* Heroes.app */;
			productType = "com.apple.product-type.application";
		};
/* End PBXNativeTarget section */

/* Begin PBXProject section */
		84F9C393275C180D00F17ECB /* Project object */ = {
			isa = PBXProject;
			attributes = {
				BuildIndependentTargetsInParallel = 1;
				LastSwiftUpdateCheck = 1310;
				LastUpgradeCheck = 1310;
				TargetAttributes = {
					84F9C39A275C180D00F17ECB = {
						CreatedOnToolsVersion = 13.1;
					};
				};
			};
			buildConfigurationList = 84F9C396275C180D00F17ECB /* Build configuration list for PBXProject "Heroes" */;
			compatibilityVersion = "Xcode 13.0";
			developmentRegion = en;
			hasScannedForEncodings = 0;
			knownRegions = (
				en,
				Base,
			);
			mainGroup = 84F9C392275C180D00F17ECB;
			productRefGroup = 84F9C39C275C180D00F17ECB /* Products */;
			projectDirPath = "";
			projectRoot = "";
			targets = (
				84F9C39A275C180D00F17ECB /* Heroes */,
			);
		};
/* End PBXProject section */

/* Begin PBXResourcesBuildPhase section */
		84F9C399275C180D00F17ECB /* Resources */ = {
			isa = PBXResourcesBuildPhase;
			buildActionMask = 2147483647;
			files = (
				84F9C3B7275C22A600F17ECB /* heroes.json in Resources */,
				84F9C3A6275C180E00F17ECB /* Preview Assets.xcassets in Resources */,
				84F9C3A3275C180E00F17ECB /* Assets.xcassets in Resources */,
			);
			runOnlyForDeploymentPostprocessing = 0;
		};
/* End PBXResourcesBuildPhase section */

/* Begin PBXSourcesBuildPhase section */
		84F9C397275C180D00F17ECB /* Sources */ = {
			isa = PBXSourcesBuildPhase;
			buildActionMask = 2147483647;
			files = (
				84F9C3A1275C180D00F17ECB /* ContentView.swift in Sources */,
				84F9C39F275C180D00F17ECB /* HeroesApp.swift in Sources */,
				84F9C3B9275C23CE00F17ECB /* HeroItemView.swift in Sources */,
				84F9C3B3275C21E000F17ECB /* CodableBundleExt.swift in Sources */,
				84F9C3B5275C21FE00F17ECB /* Hero.swift in Sources */,
				84F9C3BD275C2C8500F17ECB /* HeadingView.swift in Sources */,
				84F9C3BB275C2B6200F17ECB /* HeroDetailView.swift in Sources */,
				84F9C3BF275C2D7100F17ECB /* GalleryView.swift in Sources */,
				84F9C3C1275C2E8400F17ECB /* ExternalWeblinkView.swift in Sources */,
			);
			runOnlyForDeploymentPostprocessing = 0;
		};
/* End PBXSourcesBuildPhase section */

/* Begin XCBuildConfiguration section */
		84F9C3A7275C180E00F17ECB /* Debug */ = {
			isa = XCBuildConfiguration;
			buildSettings = {
				ALWAYS_SEARCH_USER_PATHS = NO;
				CLANG_ANALYZER_NONNULL = YES;
				CLANG_ANALYZER_NUMBER_OBJECT_CONVERSION = YES_AGGRESSIVE;
				CLANG_CXX_LANGUAGE_STANDARD = "gnu++17";
				CLANG_CXX_LIBRARY = "libc++";
				CLANG_ENABLE_MODULES = YES;
				CLANG_ENABLE_OBJC_ARC = YES;
				CLANG_ENABLE_OBJC_WEAK = YES;
				CLANG_WARN_BLOCK_CAPTURE_AUTORELEASING = YES;
				CLANG_WARN_BOOL_CONVERSION = YES;
				CLANG_WARN_COMMA = YES;
				CLANG_WARN_CONSTANT_CONVERSION = YES;
				CLANG_WARN_DEPRECATED_OBJC_IMPLEMENTATIONS = YES;
				CLANG_WARN_DIRECT_OBJC_ISA_USAGE = YES_ERROR;
				CLANG_WARN_DOCUMENTATION_COMMENTS = YES;
				CLANG_WARN_EMPTY_BODY = YES;
				CLANG_WARN_ENUM_CONVERSION = YES;
				CLANG_WARN_INFINITE_RECURSION = YES;
				CLANG_WARN_INT_CONVERSION = YES;
				CLANG_WARN_NON_LITERAL_NULL_CONVERSION = YES;
				CLANG_WARN_OBJC_IMPLICIT_RETAIN_SELF = YES;
				CLANG_WARN_OBJC_LITERAL_CONVERSION = YES;
				CLANG_WARN_OBJC_ROOT_CLASS = YES_ERROR;
				CLANG_WARN_QUOTED_INCLUDE_IN_FRAMEWORK_HEADER = YES;
				CLANG_WARN_RANGE_LOOP_ANALYSIS = YES;
				CLANG_WARN_STRICT_PROTOTYPES = YES;
				CLANG_WARN_SUSPICIOUS_MOVE = YES;
				CLANG_WARN_UNGUARDED_AVAILABILITY = YES_AGGRESSIVE;
				CLANG_WARN_UNREACHABLE_CODE = YES;
				CLANG_WARN__DUPLICATE_METHOD_MATCH = YES;
				COPY_PHASE_STRIP = NO;
				DEBUG_INFORMATION_FORMAT = dwarf;
				ENABLE_STRICT_OBJC_MSGSEND = YES;
				ENABLE_TESTABILITY = YES;
				GCC_C_LANGUAGE_STANDARD = gnu11;
				GCC_DYNAMIC_NO_PIC = NO;
				GCC_NO_COMMON_BLOCKS = YES;
				GCC_OPTIMIZATION_LEVEL = 0;
				GCC_PREPROCESSOR_DEFINITIONS = (
					"DEBUG=1",
					"$(inherited)",
				);
				GCC_WARN_64_TO_32_BIT_CONVERSION = YES;
				GCC_WARN_ABOUT_RETURN_TYPE = YES_ERROR;
				GCC_WARN_UNDECLARED_SELECTOR = YES;
				GCC_WARN_UNINITIALIZED_AUTOS = YES_AGGRESSIVE;
				GCC_WARN_UNUSED_FUNCTION = YES;
				GCC_WARN_UNUSED_VARIABLE = YES;
				IPHONEOS_DEPLOYMENT_TARGET = 15.0;
				MTL_ENABLE_DEBUG_INFO = INCLUDE_SOURCE;
				MTL_FAST_MATH = YES;
				ONLY_ACTIVE_ARCH = YES;
				SDKROOT = iphoneos;
				SWIFT_ACTIVE_COMPILATION_CONDITIONS = DEBUG;
				SWIFT_OPTIMIZATION_LEVEL = "-Onone";
			};
			name = Debug;
		};
		84F9C3A8275C180E00F17ECB /* Release */ = {
			isa = XCBuildConfiguration;
			buildSettings = {
				ALWAYS_SEARCH_USER_PATHS = NO;
				CLANG_ANALYZER_NONNULL = YES;
				CLANG_ANALYZER_NUMBER_OBJECT_CONVERSION = YES_AGGRESSIVE;
				CLANG_CXX_LANGUAGE_STANDARD = "gnu++17";
				CLANG_CXX_LIBRARY = "libc++";
				CLANG_ENABLE_MODULES = YES;
				CLANG_ENABLE_OBJC_ARC = YES;
				CLANG_ENABLE_OBJC_WEAK = YES;
				CLANG_WARN_BLOCK_CAPTURE_AUTORELEASING = YES;
				CLANG_WARN_BOOL_CONVERSION = YES;
				CLANG_WARN_COMMA = YES;
				CLANG_WARN_CONSTANT_CONVERSION = YES;
				CLANG_WARN_DEPRECATED_OBJC_IMPLEMENTATIONS = YES;
				CLANG_WARN_DIRECT_OBJC_ISA_USAGE = YES_ERROR;
				CLANG_WARN_DOCUMENTATION_COMMENTS = YES;
				CLANG_WARN_EMPTY_BODY = YES;
				CLANG_WARN_ENUM_CONVERSION = YES;
				CLANG_WARN_INFINITE_RECURSION = YES;
				CLANG_WARN_INT_CONVERSION = YES;
				CLANG_WARN_NON_LITERAL_NULL_CONVERSION = YES;
				CLANG_WARN_OBJC_IMPLICIT_RETAIN_SELF = YES;
				CLANG_WARN_OBJC_LITERAL_CONVERSION = YES;
				CLANG_WARN_OBJC_ROOT_CLASS = YES_ERROR;
				CLANG_WARN_QUOTED_INCLUDE_IN_FRAMEWORK_HEADER = YES;
				CLANG_WARN_RANGE_LOOP_ANALYSIS = YES;
				CLANG_WARN_STRICT_PROTOTYPES = YES;
				CLANG_WARN_SUSPICIOUS_MOVE = YES;
				CLANG_WARN_UNGUARDED_AVAILABILITY = YES_AGGRESSIVE;
				CLANG_WARN_UNREACHABLE_CODE = YES;
				CLANG_WARN__DUPLICATE_METHOD_MATCH = YES;
				COPY_PHASE_STRIP = NO;
				DEBUG_INFORMATION_FORMAT = "dwarf-with-dsym";
				ENABLE_NS_ASSERTIONS = NO;
				ENABLE_STRICT_OBJC_MSGSEND = YES;
				GCC_C_LANGUAGE_STANDARD = gnu11;
				GCC_NO_COMMON_BLOCKS = YES;
				GCC_WARN_64_TO_32_BIT_CONVERSION = YES;
				GCC_WARN_ABOUT_RETURN_TYPE = YES_ERROR;
				GCC_WARN_UNDECLARED_SELECTOR = YES;
				GCC_WARN_UNINITIALIZED_AUTOS = YES_AGGRESSIVE;
				GCC_WARN_UNUSED_FUNCTION = YES;
				GCC_WARN_UNUSED_VARIABLE = YES;
				IPHONEOS_DEPLOYMENT_TARGET = 15.0;
				MTL_ENABLE_DEBUG_INFO = NO;
				MTL_FAST_MATH = YES;
				SDKROOT = iphoneos;
				SWIFT_COMPILATION_MODE = wholemodule;
				SWIFT_OPTIMIZATION_LEVEL = "-O";
				VALIDATE_PRODUCT = YES;
			};
			name = Release;
		};
		84F9C3AA275C180E00F17ECB /* Debug */ = {
			isa = XCBuildConfiguration;
			buildSettings = {
				ASSETCATALOG_COMPILER_APPICON_NAME = AppIcon;
				ASSETCATALOG_COMPILER_GLOBAL_ACCENT_COLOR_NAME = AccentColor;
				CODE_SIGN_STYLE = Automatic;
				CURRENT_PROJECT_VERSION = 1;
				DEVELOPMENT_ASSET_PATHS = "\"Heroes/Preview Content\"";
				DEVELOPMENT_TEAM = 53854763BJ;
				ENABLE_PREVIEWS = YES;
				GENERATE_INFOPLIST_FILE = YES;
				INFOPLIST_KEY_UIApplicationSceneManifest_Generation = YES;
				INFOPLIST_KEY_UIApplicationSupportsIndirectInputEvents = YES;
				INFOPLIST_KEY_UILaunchScreen_Generation = YES;
				INFOPLIST_KEY_UISupportedInterfaceOrientations_iPad = "UIInterfaceOrientationPortrait UIInterfaceOrientationPortraitUpsideDown UIInterfaceOrientationLandscapeLeft UIInterfaceOrientationLandscapeRight";
				INFOPLIST_KEY_UISupportedInterfaceOrientations_iPhone = "UIInterfaceOrientationPortrait UIInterfaceOrientationLandscapeLeft UIInterfaceOrientationLandscapeRight";
				INFOPLIST_KEY_UIUserInterfaceStyle = Dark;
				LD_RUNPATH_SEARCH_PATHS = (
					"$(inherited)",
					"@executable_path/Frameworks",
				);
				MARKETING_VERSION = 1.0;
				PRODUCT_BUNDLE_IDENTIFIER = dev.jamile.Heroes;
				PRODUCT_NAME = "$(TARGET_NAME)";
				SWIFT_EMIT_LOC_STRINGS = YES;
				SWIFT_VERSION = 5.0;
				TARGETED_DEVICE_FAMILY = "1,2";
			};
			name = Debug;
		};
		84F9C3AB275C180E00F17ECB /* Release */ = {
			isa = XCBuildConfiguration;
			buildSettings = {
				ASSETCATALOG_COMPILER_APPICON_NAME = AppIcon;
				ASSETCATALOG_COMPILER_GLOBAL_ACCENT_COLOR_NAME = AccentColor;
				CODE_SIGN_STYLE = Automatic;
				CURRENT_PROJECT_VERSION = 1;
				DEVELOPMENT_ASSET_PATHS = "\"Heroes/Preview Content\"";
				DEVELOPMENT_TEAM = 53854763BJ;
				ENABLE_PREVIEWS = YES;
				GENERATE_INFOPLIST_FILE = YES;
				INFOPLIST_KEY_UIApplicationSceneManifest_Generation = YES;
				INFOPLIST_KEY_UIApplicationSupportsIndirectInputEvents = YES;
				INFOPLIST_KEY_UILaunchScreen_Generation = YES;
				INFOPLIST_KEY_UISupportedInterfaceOrientations_iPad = "UIInterfaceOrientationPortrait UIInterfaceOrientationPortraitUpsideDown UIInterfaceOrientationLandscapeLeft UIInterfaceOrientationLandscapeRight";
				INFOPLIST_KEY_UISupportedInterfaceOrientations_iPhone = "UIInterfaceOrientationPortrait UIInterfaceOrientationLandscapeLeft UIInterfaceOrientationLandscapeRight";
				INFOPLIST_KEY_UIUserInterfaceStyle = Dark;
				LD_RUNPATH_SEARCH_PATHS = (
					"$(inherited)",
					"@executable_path/Frameworks",
				);
				MARKETING_VERSION = 1.0;
				PRODUCT_BUNDLE_IDENTIFIER = dev.jamile.Heroes;
				PRODUCT_NAME = "$(TARGET_NAME)";
				SWIFT_EMIT_LOC_STRINGS = YES;
				SWIFT_VERSION = 5.0;
				TARGETED_DEVICE_FAMILY = "1,2";
			};
			name = Release;
		};
/* End XCBuildConfiguration section */

/* Begin XCConfigurationList section */
		84F9C396275C180D00F17ECB /* Build configuration list for PBXProject "Heroes" */ = {
			isa = XCConfigurationList;
			buildConfigurations = (
				84F9C3A7275C180E00F17ECB /* Debug */,
				84F9C3A8275C180E00F17ECB /* Release */,
			);
			defaultConfigurationIsVisible = 0;
			defaultConfigurationName = Release;
		};
		84F9C3A9275C180E00F17ECB /* Build configuration list for PBXNativeTarget "Heroes" */ = {
			isa = XCConfigurationList;
			buildConfigurations = (
				84F9C3AA275C180E00F17ECB /* Debug */,
				84F9C3AB275C180E00F17ECB /* Release */,
			);
			defaultConfigurationIsVisible = 0;
			defaultConfigurationName = Release;
		};
/* End XCConfigurationList section */
	};
	rootObject = 84F9C393275C180D00F17ECB /* Project object */;
}
